
Microsoft Visual Studio Solution File, Format Version 12.00
# Visual Studio Version 17
VisualStudioVersion = 17.14.36327.8 d17.14
MinimumVisualStudioVersion = 10.0.40219.1
Project("{FAE04EC0-301F-11D3-BF4B-00C04F79EFBC}") = "Top10Gappers_Test", "Top10Gappers_Test.csproj", "{7FED5C22-D4F6-47F5-BE04-B8A6D4F4453D}"
EndProject
Global
	GlobalSection(SolutionConfigurationPlatforms) = preSolution
		Debug|Any CPU = Debug|Any CPU
		Release|Any CPU = Release|Any CPU
	EndGlobalSection
	GlobalSection(ProjectConfigurationPlatforms) = postSolution
		{7FED5C22-D4F6-47F5-BE04-B8A6D4F4453D}.Debug|Any CPU.ActiveCfg = Debug|Any CPU
		{7FED5C22-D4F6-47F5-BE04-B8A6D4F4453D}.Debug|Any CPU.Build.0 = Debug|Any CPU
		{7FED5C22-D4F6-47F5-BE04-B8A6D4F4453D}.Release|Any CPU.ActiveCfg = Release|Any CPU
		{7FED5C22-D4F6-47F5-BE04-B8A6D4F4453D}.Release|Any CPU.Build.0 = Release|Any CPU
	EndGlobalSection
	GlobalSection(SolutionProperties) = preSolution
		HideSolutionNode = FALSE
	EndGlobalSection
	GlobalSection(ExtensibilityGlobals) = postSolution
		SolutionGuid = {D9C69E37-CC6B-4765-9EEB-C2CADBFE9798}
	EndGlobalSection
EndGlobal
