
Microsoft Visual Studio Solution File, Format Version 12.00
# Visual Studio Version 17
VisualStudioVersion = 17.9.34902.65
MinimumVisualStudioVersion = 10.0.40219.1
Project("{FAE04EC0-301F-11D3-BF4B-00C04F79EFBC}") = "EthernetIP_Library_v4", "EthernetIP_Library_v4.csproj", "{113AB3E2-7955-4D71-97EF-8289B5F1BB58}"
EndProject
Global
	GlobalSection(SolutionConfigurationPlatforms) = preSolution
		Debug|Any CPU = Debug|Any CPU
		Release|Any CPU = Release|Any CPU
	EndGlobalSection
	GlobalSection(ProjectConfigurationPlatforms) = postSolution
		{113AB3E2-7955-4D71-97EF-8289B5F1BB58}.Debug|Any CPU.ActiveCfg = Debug|Any CPU
		{113AB3E2-7955-4D71-97EF-8289B5F1BB58}.Debug|Any CPU.Build.0 = Debug|Any CPU
		{113AB3E2-7955-4D71-97EF-8289B5F1BB58}.Release|Any CPU.ActiveCfg = Release|Any CPU
		{113AB3E2-7955-4D71-97EF-8289B5F1BB58}.Release|Any CPU.Build.0 = Release|Any CPU
	EndGlobalSection
	GlobalSection(SolutionProperties) = preSolution
		HideSolutionNode = FALSE
	EndGlobalSection
	GlobalSection(ExtensibilityGlobals) = postSolution
		SolutionGuid = {AD0D7043-20E8-42E5-8C48-0EAA4C11E367}
	EndGlobalSection
EndGlobal
